
Microsoft Visual Studio Solution File, Format Version 12.00
# Visual Studio Version 17
VisualStudioVersion = 17.3.32929.385
MinimumVisualStudioVersion = 10.0.40219.1
Project("{FAE04EC0-301F-11D3-BF4B-00C04F79EFBC}") = "SimulationTool", "SimulationTool\SimulationTool.csproj", "{BA4673BC-25AA-42A1-9995-4CC0D582E2D8}"
EndProject
Global
	GlobalSection(SolutionConfigurationPlatforms) = preSolution
		Debug|Any CPU = Debug|Any CPU
		Release|Any CPU = Release|Any CPU
	EndGlobalSection
	GlobalSection(ProjectConfigurationPlatforms) = postSolution
		{BA4673BC-25AA-42A1-9995-4CC0D582E2D8}.Debug|Any CPU.ActiveCfg = Debug|Any CPU
		{BA4673BC-25AA-42A1-9995-4CC0D582E2D8}.Debug|Any CPU.Build.0 = Debug|Any CPU
		{BA4673BC-25AA-42A1-9995-4CC0D582E2D8}.Release|Any CPU.ActiveCfg = Release|Any CPU
		{BA4673BC-25AA-42A1-9995-4CC0D582E2D8}.Release|Any CPU.Build.0 = Release|Any CPU
	EndGlobalSection
	GlobalSection(SolutionProperties) = preSolution
		HideSolutionNode = FALSE
	EndGlobalSection
	GlobalSection(ExtensibilityGlobals) = postSolution
		SolutionGuid = {F8E959F2-DEBC-4873-ABC3-BF29B0922868}
	EndGlobalSection
EndGlobal
