
Microsoft Visual Studio Solution File, Format Version 12.00
# Visual Studio Version 17
VisualStudioVersion = 17.3.32929.385
MinimumVisualStudioVersion = 10.0.40219.1
Project("{FAE04EC0-301F-11D3-BF4B-00C04F79EFBC}") = "CodeRefactoringTool", "CodeRefactoringTool\CodeRefactoringTool.csproj", "{D0A7DFF3-297E-41C9-A884-06D6C936ACC3}"
EndProject
Global
	GlobalSection(SolutionConfigurationPlatforms) = preSolution
		Debug|Any CPU = Debug|Any CPU
		Release|Any CPU = Release|Any CPU
	EndGlobalSection
	GlobalSection(ProjectConfigurationPlatforms) = postSolution
		{D0A7DFF3-297E-41C9-A884-06D6C936ACC3}.Debug|Any CPU.ActiveCfg = Debug|Any CPU
		{D0A7DFF3-297E-41C9-A884-06D6C936ACC3}.Debug|Any CPU.Build.0 = Debug|Any CPU
		{D0A7DFF3-297E-41C9-A884-06D6C936ACC3}.Release|Any CPU.ActiveCfg = Release|Any CPU
		{D0A7DFF3-297E-41C9-A884-06D6C936ACC3}.Release|Any CPU.Build.0 = Release|Any CPU
	EndGlobalSection
	GlobalSection(SolutionProperties) = preSolution
		HideSolutionNode = FALSE
	EndGlobalSection
	GlobalSection(ExtensibilityGlobals) = postSolution
		SolutionGuid = {DBFB0AC6-4856-4AFE-BA36-12F1357928C8}
	EndGlobalSection
EndGlobal
